
Microsoft Visual Studio Solution File, Format Version 12.00
# Visual Studio Version 17
VisualStudioVersion = 17.9.34728.123
MinimumVisualStudioVersion = 10.0.40219.1
Project("{9A19103F-16F7-4668-BE54-9A1E7A4F7556}") = "Quadratic.Functional", "Quadratic.Functional\Quadratic.Functional.csproj", "{90D94637-683F-424A-A561-45BF5F5138C7}"
EndProject
Project("{F2A71F9B-5D33-465A-A702-920D77279786}") = "Quadratic.FSharp", "Quadratic.FSharp\Quadratic.FSharp.fsproj", "{D9861BAE-D733-4DE8-BA50-789C8ADB7970}"
EndProject
Global
	GlobalSection(SolutionConfigurationPlatforms) = preSolution
		Debug|Any CPU = Debug|Any CPU
		Release|Any CPU = Release|Any CPU
	EndGlobalSection
	GlobalSection(ProjectConfigurationPlatforms) = postSolution
		{90D94637-683F-424A-A561-45BF5F5138C7}.Debug|Any CPU.ActiveCfg = Debug|Any CPU
		{90D94637-683F-424A-A561-45BF5F5138C7}.Debug|Any CPU.Build.0 = Debug|Any CPU
		{90D94637-683F-424A-A561-45BF5F5138C7}.Release|Any CPU.ActiveCfg = Release|Any CPU
		{90D94637-683F-424A-A561-45BF5F5138C7}.Release|Any CPU.Build.0 = Release|Any CPU
		{D9861BAE-D733-4DE8-BA50-789C8ADB7970}.Debug|Any CPU.ActiveCfg = Debug|Any CPU
		{D9861BAE-D733-4DE8-BA50-789C8ADB7970}.Debug|Any CPU.Build.0 = Debug|Any CPU
		{D9861BAE-D733-4DE8-BA50-789C8ADB7970}.Release|Any CPU.ActiveCfg = Release|Any CPU
		{D9861BAE-D733-4DE8-BA50-789C8ADB7970}.Release|Any CPU.Build.0 = Release|Any CPU
	EndGlobalSection
	GlobalSection(SolutionProperties) = preSolution
		HideSolutionNode = FALSE
	EndGlobalSection
	GlobalSection(ExtensibilityGlobals) = postSolution
		SolutionGuid = {A2883551-BA09-4CA1-BD66-01E6FCF899C3}
	EndGlobalSection
EndGlobal
